{
  "nodes": {
    "emacs-overlay": {
      "inputs": {
        "nixpkgs": "nixpkgs",
        "nixpkgs-stable": "nixpkgs-stable"
      },
      "locked": {
        "lastModified": 1784975750,
        "narHash": "sha256-JNEjwBSXytKCHGSwG3ReZi6xIubWaLmgcq4siQvTPLI=",
        "owner": "nix-community",
        "repo": "emacs-overlay",
        "rev": "7afa297a367ad6d2ad8d7a709960c21bf595cd21",
        "type": "github"
      },
      "original": {
        "owner": "nix-community",
        "repo": "emacs-overlay",
        "type": "github"
      }
    },
    "home-manager": {
      "inputs": {
        "nixpkgs": [
          "nixpkgs"
        ]
      },
      "locked": {
        "lastModified": 1784913159,
        "narHash": "sha256-JWq0BfjO4ktpH5USfQNQzdvHpIDT8fSKD5K7LvdMRFs=",
        "owner": "nix-community",
        "repo": "home-manager",
        "rev": "079a3b5d1aa6a719920a51316253b7d6dd22738d",
        "type": "github"
      },
      "original": {
        "owner": "nix-community",
        "repo": "home-manager",
        "type": "github"
      }
    },
    "nixpkgs": {
      "locked": {
        "lastModified": 1784796856,
        "narHash": "sha256-wWFrV5/Qbm+lyt5x20E/bSbfJiGKMo4RCxZV8cl/WZI=",
        "owner": "NixOS",
        "repo": "nixpkgs",
        "rev": "e2587caef70cea85dd97d7daab492899902dbf5d",
        "type": "github"
      },
      "original": {
        "owner": "NixOS",
        "ref": "nixos-unstable",
        "repo": "nixpkgs",
        "type": "github"
      }
    },
    "nixpkgs-stable": {
      "locked": {
        "lastModified": 1784856561,
        "narHash": "sha256-J+Bx1Z6Oeoj2FgnBhRMKyUhhtDoOpTgXYaVLZpDjW4A=",
        "owner": "NixOS",
        "repo": "nixpkgs",
        "rev": "597283ad8aa0b331c788e97c4c262d58877074ef",
        "type": "github"
      },
      "original": {
        "owner": "NixOS",
        "ref": "nixos-26.05",
        "repo": "nixpkgs",
        "type": "github"
      }
    },
    "nixpkgs_2": {
      "locked": {
        "lastModified": 1784796856,
        "narHash": "sha256-wWFrV5/Qbm+lyt5x20E/bSbfJiGKMo4RCxZV8cl/WZI=",
        "owner": "nixos",
        "repo": "nixpkgs",
        "rev": "e2587caef70cea85dd97d7daab492899902dbf5d",
        "type": "github"
      },
      "original": {
        "owner": "nixos",
        "ref": "nixos-unstable",
        "repo": "nixpkgs",
        "type": "github"
      }
    },
    "noctalia": {
      "inputs": {
        "nixpkgs": [
          "nixpkgs"
        ]
      },
      "locked": {
        "lastModified": 1784991762,
        "narHash": "sha256-p6ODLldIJHdVGFdU35mS9yL0IbpCVpP4X6Y+UF3onsw=",
        "owner": "noctalia-dev",
        "repo": "noctalia",
        "rev": "9809f3605fb9c884de3b70dc5954bdde092f6110",
        "type": "github"
      },
      "original": {
        "owner": "noctalia-dev",
        "repo": "noctalia",
        "type": "github"
      }
    },
    "root": {
      "inputs": {
        "emacs-overlay": "emacs-overlay",
        "home-manager": "home-manager",
        "nixpkgs": "nixpkgs_2",
        "noctalia": "noctalia",
        "zen-browser": "zen-browser"
      }
    },
    "zen-browser": {
      "inputs": {
        "home-manager": [
          "home-manager"
        ],
        "nixpkgs": [
          "nixpkgs"
        ]
      },
      "locked": {
        "lastModified": 1784985989,
        "narHash": "sha256-Mz4G81HXJlUtHoJtA31D+Ob7uma2BX7E/y7F9QazuFc=",
        "owner": "0xc000022070",
        "repo": "zen-browser-flake",
        "rev": "a8f9b6d014c9cfe0615dccb2bc7808713f6e62c2",
        "type": "github"
      },
      "original": {
        "owner": "0xc000022070",
        "repo": "zen-browser-flake",
        "type": "github"
      }
    }
  },
  "root": "root",
  "version": 7
}
